
Microsoft Visual Studio Solution File, Format Version 12.00
# Visual Studio Version 16
VisualStudioVersion = 16.0.31019.35
MinimumVisualStudioVersion = 10.0.40219.1
Project("{9A19103F-16F7-4668-BE54-9A1E7A4F7556}") = "DataAccess", "DataAccess\DataAccess.csproj", "{68E2032E-4CAA-44B3-9B37-13F028A99B34}"
EndProject
Project("{9A19103F-16F7-4668-BE54-9A1E7A4F7556}") = "Business", "Business\Business.csproj", "{70B73C07-D944-4BAB-8C74-0848FB7E9275}"
EndProject
Project("{9A19103F-16F7-4668-BE54-9A1E7A4F7556}") = "Entities", "Entities\Entities.csproj", "{D1C3F8C4-BFEC-4E98-906F-84BB75C0F060}"
EndProject
Project("{9A19103F-16F7-4668-BE54-9A1E7A4F7556}") = "ConsoleUI", "ConsoleUI\ConsoleUI.csproj", "{BED5DF42-B0FD-4879-B3CB-61C52B70F6CD}"
EndProject
Project("{FAE04EC0-301F-11D3-BF4B-00C04F79EFBC}") = "Core", "Core\Core.csproj", "{6A350A15-13F2-4779-A842-09E75CACBB60}"
EndProject
Global
	GlobalSection(SolutionConfigurationPlatforms) = preSolution
		Debug|Any CPU = Debug|Any CPU
		Release|Any CPU = Release|Any CPU
	EndGlobalSection
	GlobalSection(ProjectConfigurationPlatforms) = postSolution
		{68E2032E-4CAA-44B3-9B37-13F028A99B34}.Debug|Any CPU.ActiveCfg = Debug|Any CPU
		{68E2032E-4CAA-44B3-9B37-13F028A99B34}.Debug|Any CPU.Build.0 = Debug|Any CPU
		{68E2032E-4CAA-44B3-9B37-13F028A99B34}.Release|Any CPU.ActiveCfg = Release|Any CPU
		{68E2032E-4CAA-44B3-9B37-13F028A99B34}.Release|Any CPU.Build.0 = Release|Any CPU
		{70B73C07-D944-4BAB-8C74-0848FB7E9275}.Debug|Any CPU.ActiveCfg = Debug|Any CPU
		{70B73C07-D944-4BAB-8C74-0848FB7E9275}.Debug|Any CPU.Build.0 = Debug|Any CPU
		{70B73C07-D944-4BAB-8C74-0848FB7E9275}.Release|Any CPU.ActiveCfg = Release|Any CPU
		{70B73C07-D944-4BAB-8C74-0848FB7E9275}.Release|Any CPU.Build.0 = Release|Any CPU
		{D1C3F8C4-BFEC-4E98-906F-84BB75C0F060}.Debug|Any CPU.ActiveCfg = Debug|Any CPU
		{D1C3F8C4-BFEC-4E98-906F-84BB75C0F060}.Debug|Any CPU.Build.0 = Debug|Any CPU
		{D1C3F8C4-BFEC-4E98-906F-84BB75C0F060}.Release|Any CPU.ActiveCfg = Release|Any CPU
		{D1C3F8C4-BFEC-4E98-906F-84BB75C0F060}.Release|Any CPU.Build.0 = Release|Any CPU
		{BED5DF42-B0FD-4879-B3CB-61C52B70F6CD}.Debug|Any CPU.ActiveCfg = Debug|Any CPU
		{BED5DF42-B0FD-4879-B3CB-61C52B70F6CD}.Debug|Any CPU.Build.0 = Debug|Any CPU
		{BED5DF42-B0FD-4879-B3CB-61C52B70F6CD}.Release|Any CPU.ActiveCfg = Release|Any CPU
		{BED5DF42-B0FD-4879-B3CB-61C52B70F6CD}.Release|Any CPU.Build.0 = Release|Any CPU
		{6A350A15-13F2-4779-A842-09E75CACBB60}.Debug|Any CPU.ActiveCfg = Debug|Any CPU
		{6A350A15-13F2-4779-A842-09E75CACBB60}.Debug|Any CPU.Build.0 = Debug|Any CPU
		{6A350A15-13F2-4779-A842-09E75CACBB60}.Release|Any CPU.ActiveCfg = Release|Any CPU
		{6A350A15-13F2-4779-A842-09E75CACBB60}.Release|Any CPU.Build.0 = Release|Any CPU
	EndGlobalSection
	GlobalSection(SolutionProperties) = preSolution
		HideSolutionNode = FALSE
	EndGlobalSection
	GlobalSection(ExtensibilityGlobals) = postSolution
		SolutionGuid = {420669C4-3F0C-4948-A005-28DC355E86D8}
	EndGlobalSection
EndGlobal
